
Microsoft Visual Studio Solution File, Format Version 12.00
# Visual Studio 15
VisualStudioVersion = 15.0.27703.2026
MinimumVisualStudioVersion = 10.0.40219.1
Project("{FAE04EC0-301F-11D3-BF4B-00C04F79EFBC}") = "WebCache_Using", "WebCache_Using\WebCache_Using.csproj", "{BFEF7A7C-571E-431E-A178-8F4985ACEF77}"
EndProject
Global
	GlobalSection(SolutionConfigurationPlatforms) = preSolution
		Debug|Any CPU = Debug|Any CPU
		Release|Any CPU = Release|Any CPU
	EndGlobalSection
	GlobalSection(ProjectConfigurationPlatforms) = postSolution
		{BFEF7A7C-571E-431E-A178-8F4985ACEF77}.Debug|Any CPU.ActiveCfg = Debug|Any CPU
		{BFEF7A7C-571E-431E-A178-8F4985ACEF77}.Debug|Any CPU.Build.0 = Debug|Any CPU
		{BFEF7A7C-571E-431E-A178-8F4985ACEF77}.Release|Any CPU.ActiveCfg = Release|Any CPU
		{BFEF7A7C-571E-431E-A178-8F4985ACEF77}.Release|Any CPU.Build.0 = Release|Any CPU
	EndGlobalSection
	GlobalSection(SolutionProperties) = preSolution
		HideSolutionNode = FALSE
	EndGlobalSection
	GlobalSection(ExtensibilityGlobals) = postSolution
		SolutionGuid = {461040A4-7C9E-482F-994B-485922F41469}
	EndGlobalSection
EndGlobal
